
Microsoft Visual Studio Solution File, Format Version 12.00
# Visual Studio 15
VisualStudioVersion = 15.0.26403.0
MinimumVisualStudioVersion = 10.0.40219.1
Project("{FAE04EC0-301F-11D3-BF4B-00C04F79EFBC}") = "Fotick.Api.DAL", "Fotick.Api.DAL\Fotick.Api.DAL.csproj", "{22C94F11-C082-484B-9FFF-359E63EB1EB5}"
EndProject
Project("{FAE04EC0-301F-11D3-BF4B-00C04F79EFBC}") = "Fotick.Api.BLL", "Fotick.Api.BLL\Fotick.Api.BLL.csproj", "{A32658AA-AE97-4EEF-BE77-46DAE440707E}"
EndProject
Project("{FAE04EC0-301F-11D3-BF4B-00C04F79EFBC}") = "Fotick.Api.Web", "Fotick.Api.Web\Fotick.Api.Web.csproj", "{C6735D56-FD57-49F8-A4EE-87CDE9E85257}"
EndProject
Global
	GlobalSection(SolutionConfigurationPlatforms) = preSolution
		Debug|Any CPU = Debug|Any CPU
		Release|Any CPU = Release|Any CPU
	EndGlobalSection
	GlobalSection(ProjectConfigurationPlatforms) = postSolution
		{22C94F11-C082-484B-9FFF-359E63EB1EB5}.Debug|Any CPU.ActiveCfg = Debug|Any CPU
		{22C94F11-C082-484B-9FFF-359E63EB1EB5}.Debug|Any CPU.Build.0 = Debug|Any CPU
		{22C94F11-C082-484B-9FFF-359E63EB1EB5}.Release|Any CPU.ActiveCfg = Release|Any CPU
		{22C94F11-C082-484B-9FFF-359E63EB1EB5}.Release|Any CPU.Build.0 = Release|Any CPU
		{A32658AA-AE97-4EEF-BE77-46DAE440707E}.Debug|Any CPU.ActiveCfg = Debug|Any CPU
		{A32658AA-AE97-4EEF-BE77-46DAE440707E}.Debug|Any CPU.Build.0 = Debug|Any CPU
		{A32658AA-AE97-4EEF-BE77-46DAE440707E}.Release|Any CPU.ActiveCfg = Release|Any CPU
		{A32658AA-AE97-4EEF-BE77-46DAE440707E}.Release|Any CPU.Build.0 = Release|Any CPU
		{C6735D56-FD57-49F8-A4EE-87CDE9E85257}.Debug|Any CPU.ActiveCfg = Debug|Any CPU
		{C6735D56-FD57-49F8-A4EE-87CDE9E85257}.Debug|Any CPU.Build.0 = Debug|Any CPU
		{C6735D56-FD57-49F8-A4EE-87CDE9E85257}.Release|Any CPU.ActiveCfg = Release|Any CPU
		{C6735D56-FD57-49F8-A4EE-87CDE9E85257}.Release|Any CPU.Build.0 = Release|Any CPU
	EndGlobalSection
	GlobalSection(SolutionProperties) = preSolution
		HideSolutionNode = FALSE
	EndGlobalSection
EndGlobal
